{
    "_readme": [
        "This file locks the dependencies of your project to a known state",
        "Read more about it at https://getcomposer.org/doc/01-basic-usage.md#composer-lock-the-lock-file",
        "This file is @generated automatically"
    ],
    "content-hash": "4a079e520d4f222f07cfdbf2818d8868",
    "packages": [
        {
            "name": "imgix/imgix-php",
            "version": "2.1.0",
            "source": {
                "type": "git",
                "url": "https://github.com/imgix/imgix-php.git",
                "reference": "48135b04ec02f504904d69a3af1435414f60750c"
            },
            "dist": {
                "type": "zip",
                "url": "https://api.github.com/repos/imgix/imgix-php/zipball/48135b04ec02f504904d69a3af1435414f60750c",
                "reference": "48135b04ec02f504904d69a3af1435414f60750c",
                "shasum": ""
            },
            "require": {
                "php": ">=5.3"
            },
            "require-dev": {
                "phpunit/phpunit": "*"
            },
            "type": "library",
            "autoload": {
                "psr-0": {
                    "Imgix\\": "src/"
                }
            },
            "notification-url": "https://packagist.org/downloads/",
            "description": "A PHP client library for generating URLs with imgix.",
            "keywords": [
                "imgix"
            ],
            "time": "2018-03-13T17:09:56+00:00"
        },
        {
            "name": "sparwelt/imgix-lib",
            "version": "0.1.0",
            "source": {
                "type": "git",
                "url": "https://github.com/sparwelt/imgix-lib.git",
                "reference": "6c4b38810fc4b094b95d9e31555afe39836c98ba"
            },
            "dist": {
                "type": "zip",
                "url": "https://api.github.com/repos/sparwelt/imgix-lib/zipball/6c4b38810fc4b094b95d9e31555afe39836c98ba",
                "reference": "6c4b38810fc4b094b95d9e31555afe39836c98ba",
                "shasum": ""
            },
            "require": {
                "imgix/imgix-php": "~2.1.0",
                "php": ">=5.6.0"
            },
            "type": "library",
            "autoload": {
                "psr-4": {
                    "Sparwelt\\ImgixLib\\": "src/"
                }
            },
            "license": [
                "MIT"
            ],
            "authors": [
                {
                    "name": "Federico Infanti",
                    "email": "federico.infanti@sparwelt.de"
                }
            ],
            "description": "Configurable url and image manipulation library",
            "homepage": "https://github.com/sparwelt/imgix-lib",
            "support": {
                "source": "https://github.com/sparwelt/imgix-lib/tree/0.1.0",
                "issues": "https://github.com/sparwelt/imgix-lib/issues"
            },
            "time": "2018-07-24T08:16:27+00:00"
        }
    ],
    "packages-dev": [],
    "aliases": [],
    "minimum-stability": "dev",
    "stability-flags": {
        "sparwelt/imgix-lib": 20
    },
    "prefer-stable": true,
    "prefer-lowest": false,
    "platform": {
        "php": ">=5.6.0"
    },
    "platform-dev": []
}
